version = 1
revision = 2
requires-python = ">=3.12"

[[package]]
name = "attrs"
version = "26.1.0"
source = { registry = "https://pypi.org/simple" }
sdist = { url = "https://files.pythonhosted.org/packages/9a/8e/82a0fe20a541c03148528be8cac2408564a6c9a0cc7e9171802bc1d26985/attrs-26.1.0.tar.gz", hash = "sha256:d03ceb89cb322a8fd706d4fb91940737b6642aa36998fe130a9bc96c985eff32", size = 952055, upload-time = "2026-03-19T14:22:25.026Z" }
wheels = [
    { url = "https://files.pythonhosted.org/packages/64/b4/17d4b0b2a2dc85a6df63d1157e028ed19f90d4cd97c36717afef2bc2f395/attrs-26.1.0-py3-none-any.whl", hash = "sha256:c647aa4a12dfbad9333ca4e71fe62ddc36f4e63b2d260a37a8b83d2f043ac309", size = 67548, upload-time = "2026-03-19T14:22:23.645Z" },
]

[[package]]
name = "booleanoperations"
version = "0.10.0"
source = { registry = "https://pypi.org/simple" }
dependencies = [
    { name = "fonttools" },
    { name = "pyclipper" },
]
sdist = { url = "https://files.pythonhosted.org/packages/b4/6e/63c0dba783d3811cdfe675883cafa4dec03fdd9d77b5743c58da01890dfe/booleanoperations-0.10.0.tar.gz", hash = "sha256:6d719f560d2a1dd676c812b844ecceb693c96791c76579089ab7d0f5db5cedbe", size = 167248, upload-time = "2026-01-15T18:41:03.102Z" }
wheels = [
    { url = "https://files.pythonhosted.org/packages/52/50/9293f0e97f0029773c4b85c5058417aff8a19266f34a140c014b5e1bd887/booleanoperations-0.10.0-py3-none-any.whl", hash = "sha256:7d2537ec0c3763214bcfa2981a2a70995eb7bec2f76c9fb9eacac30545ba5808", size = 19236, upload-time = "2026-01-15T18:41:01.246Z" },
]

[[package]]
name = "cffsubr"
version = "0.4.0"
source = { registry = "https://pypi.org/simple" }
dependencies = [
    { name = "fonttools" },
]
sdist = { url = "https://files.pythonhosted.org/packages/57/09/5987a51eeb193c700f48984502c4e7de863b2e55f3b91b66543d6f7b3b58/cffsubr-0.4.0.tar.gz", hash = "sha256:2c321b6807bd95856d921ed9dce8506495cf49fc7a89a63cb942e8bece13addd", size = 17944613, upload-time = "2025-12-05T11:26:23.001Z" }
wheels = [
    { url = "https://files.pythonhosted.org/packages/d0/b8/9250c0e579620662cfee36ac56d0fe8c55b76f8a7556ac31d64cd4dbb8b0/cffsubr-0.4.0-py3-none-macosx_10_9_universal2.whl", hash = "sha256:7f325042ff5c32eaac08f72696ffb71c0d394b086244dca72acc98314e6bb5ca", size = 732381, upload-time = "2025-12-05T11:26:16.253Z" },
    { url = "https://files.pythonhosted.org/packages/8c/7a/c3e9e648ffd3a6cc78d4fda4106ac8bb1731bdb4f028b7aeabfe60bf6345/cffsubr-0.4.0-py3-none-manylinux_2_28_aarch64.whl", hash = "sha256:1d5efde2e7c206d39051a1f0f566baafacb3c5426c80cd745f9ae54e148b0733", size = 1058704, upload-time = "2025-12-05T11:26:17.913Z" },
    { url = "https://files.pythonhosted.org/packages/01/ae/455cae8777d7d91fd6f18c0793376211c66d9abd4bf90bd8378967d4ca75/cffsubr-0.4.0-py3-none-manylinux_2_28_x86_64.whl", hash = "sha256:4e1788e503cfd12c00820ba8a61b55090b8380d359d5be538e57f96f477983a5", size = 1094971, upload-time = "2025-12-05T11:26:19.267Z" },
    { url = "https://files.pythonhosted.org/packages/36/be/0344e972fd5fb615533556f128a8956075602a2244ade7b89fac7fbb6e29/cffsubr-0.4.0-py3-none-win32.whl", hash = "sha256:67bdedb0b0567a185e9e76505ffc0330366d6d3d2a15feb4f85382afa0316352", size = 794691, upload-time = "2025-12-05T11:26:20.351Z" },
    { url = "https://files.pythonhosted.org/packages/d6/72/a6963693af9af7fcfdda63a641c73408ea771dda09a1c3a6b997146511e1/cffsubr-0.4.0-py3-none-win_amd64.whl", hash = "sha256:d80dc418b8babacd7c68a7cfca6d67fb2949671c80d95783e8f025c68ff683c6", size = 966138, upload-time = "2025-12-05T11:26:21.435Z" },
]

[[package]]
name = "colorama"
version = "0.4.6"
source = { registry = "https://pypi.org/simple" }
sdist = { url = "https://files.pythonhosted.org/packages/d8/53/6f443c9a4a8358a93a6792e2acffb9d9d5cb0a5cfd8802644b7b1c9a02e4/colorama-0.4.6.tar.gz", hash = "sha256:08695f5cb7ed6e0531a20572697297273c47b8cae5a63ffc6d6ed5c201be6e44", size = 27697, upload-time = "2022-10-25T02:36:22.414Z" }
wheels = [
    { url = "https://files.pythonhosted.org/packages/d1/d6/3965ed04c63042e047cb6a3e6ed1a63a35087b6a609aa3a15ed8ac56c221/colorama-0.4.6-py2.py3-none-any.whl", hash = "sha256:4f1d9991f5acc0ca119f9d443620b77f9d6b33703e51011c16baf57afb285fc6", size = 25335, upload-time = "2022-10-25T02:36:20.889Z" },
]

[[package]]
name = "fontmath"
version = "0.10.0"
source = { registry = "https://pypi.org/simple" }
dependencies = [
    { name = "fonttools" },
]
sdist = { url = "https://files.pythonhosted.org/packages/69/a5/9abc6de47d7fe4bb7ec7bd3bf67aceb7fcdf7164083d7dfb1e1beb5b0f39/fontmath-0.10.0.tar.gz", hash = "sha256:7b0b39336d83d7fc03fb9dc3c662ef7d26b2c15355a34c643d1cfbd03f89fb74", size = 31075, upload-time = "2026-02-03T16:15:24.628Z" }
wheels = [
    { url = "https://files.pythonhosted.org/packages/ec/90/e5a24e71f4ce52ffe0cb01183b680b35755d168eefdf4dd18bb7f9e16968/fontmath-0.10.0-py2.py3-none-any.whl", hash = "sha256:d7042cd07dadcb8fc1da6f2635cee7112d1c5b2043e5ad43ed3da3a9083d614d", size = 32373, upload-time = "2026-02-03T16:15:23.15Z" },
]

[[package]]
name = "fonttools"
version = "4.63.0"
source = { registry = "https://pypi.org/simple" }
sdist = { url = "https://files.pythonhosted.org/packages/84/69/c97f2c18e0db87d2c7b15da1974dace76ae938f1cfa22e2727a648b7ed43/fonttools-4.63.0.tar.gz", hash = "sha256:caeb583deeb5168e694b65cda8b4ee62abedfa66cf88488734466f2366b9c4e0", size = 3597189, upload-time = "2026-05-14T12:04:30.958Z" }
wheels = [
    { url = "https://files.pythonhosted.org/packages/08/ef/b3c6b9b5be2f82416d73fe2ed2e96e2793cd80e7510bd6a17ca79cdd88ec/fonttools-4.63.0-cp312-cp312-macosx_10_13_universal2.whl", hash = "sha256:37dd23e621e3b0aef1baa70a303b80aaf38449632cfc8fd2a55fb285bbccfc02", size = 2881131, upload-time = "2026-05-14T12:03:13.386Z" },
    { url = "https://files.pythonhosted.org/packages/44/a0/c815bea63117fa63e4e1c01f8a1110d2112fa003f838e6467094ec2432ce/fonttools-4.63.0-cp312-cp312-macosx_10_13_x86_64.whl", hash = "sha256:a9faff9e0c1f76f9fd55899d2ce785832efebab37eb8ae13995853aef178bef0", size = 2426704, upload-time = "2026-05-14T12:03:15.801Z" },
    { url = "https://files.pythonhosted.org/packages/44/04/0b91d8e916e92ad1fac9e4624760baf0fd5ff2ead614c2f68fb21373f03f/fonttools-4.63.0-cp312-cp312-manylinux2014_aarch64.manylinux_2_17_aarch64.manylinux_2_28_aarch64.whl", hash = "sha256:ef3048ef05dbb552b89817713d9cac912e00d0fde4a3105c00d29e52e10c89af", size = 5044298, upload-time = "2026-05-14T12:03:18.085Z" },
    { url = "https://files.pythonhosted.org/packages/77/c7/2342da9830e3e9d4870305ca5d2091d2a83284f2953079b7bdd3b5e029d8/fonttools-4.63.0-cp312-cp312-manylinux2014_x86_64.manylinux_2_17_x86_64.whl", hash = "sha256:58dc6bb86a78d782f00f9190ca02c119cf5bbe2807536e361e18d42019f877d8", size = 4999800, upload-time = "2026-05-14T12:03:20.161Z" },
    { url = "https://files.pythonhosted.org/packages/e6/6d/67fe16c48d7ce050979b33f47e0d28a318f02da030602e944c34f7a16ef3/fonttools-4.63.0-cp312-cp312-musllinux_1_2_aarch64.whl", hash = "sha256:ee08ebfa58f6e1aeff5697ab9582105bb620008c1caafb681e4c557e7483027b", size = 4982666, upload-time = "2026-05-14T12:03:22.87Z" },
    { url = "https://files.pythonhosted.org/packages/f2/00/3bbab338c07c71fa56269953845e92c951a61457bbbb0f1022551ea266d9/fonttools-4.63.0-cp312-cp312-musllinux_1_2_x86_64.whl", hash = "sha256:27fdc65af8da6f88b9c6121c47a464cbe359fcfff7ff6fc2d37a1f395d755b78", size = 5133598, upload-time = "2026-05-14T12:03:25.168Z" },
    { url = "https://files.pythonhosted.org/packages/62/f2/aa27c7f98db5b064883dadcc5283947e81e034de42e22a33675878d98b54/fonttools-4.63.0-cp312-cp312-win32.whl", hash = "sha256:af2fd1664d00a397d75f806985ddb36282091c2131a73a6485c23b4a34722263", size = 2292575, upload-time = "2026-05-14T12:03:27.496Z" },
    { url = "https://files.pythonhosted.org/packages/87/36/cccb9bc2a6ab63d1b2980374f0dca72ce95ae267c9b4cfe77455bb70d0d4/fonttools-4.63.0-cp312-cp312-win_amd64.whl", hash = "sha256:59ac449f8cca9b4ffa08d2e7bbadad87ce710d69d1eda5c3c1ce579baa987272", size = 2343211, upload-time = "2026-05-14T12:03:30.057Z" },
    { url = "https://files.pythonhosted.org/packages/0f/8d/d8fec3dcde2963f8c908fb315e5ff2cd0ac34f82394bbbf73a2aa5145ce3/fonttools-4.63.0-cp313-cp313-macosx_10_13_universal2.whl", hash = "sha256:cd7e9857e5e63738b9d9fd707bc1f59c8b09e5177726d23664db393c59bb08bd", size = 2876062, upload-time = "2026-05-14T12:03:32.554Z" },
    { url = "https://files.pythonhosted.org/packages/ef/71/d935dc54e4ff121bfdd11e08702db63a7e6f25af21d8a3d7b7212df53641/fonttools-4.63.0-cp313-cp313-macosx_10_13_x86_64.whl", hash = "sha256:c2a2a42198b696a6f48fad91709afb55176e66a5e566131219dba372fb7f8c59", size = 2424594, upload-time = "2026-05-14T12:03:34.86Z" },
    { url = "https://files.pythonhosted.org/packages/8e/40/e76320afa1df918e146155ef239b1719ee266092e96f5423bfd075affba1/fonttools-4.63.0-cp313-cp313-manylinux2014_aarch64.manylinux_2_17_aarch64.manylinux_2_28_aarch64.whl", hash = "sha256:1e874792a8212b44583ea02189d9e693906b2f78b261f372f95d6c563210ac1d", size = 5024840, upload-time = "2026-05-14T12:03:36.745Z" },
    { url = "https://files.pythonhosted.org/packages/ce/36/0b805d8c485f872f65a509cbe3b58a5d0d17bee855333b54a150c79d3061/fonttools-4.63.0-cp313-cp313-manylinux2014_x86_64.manylinux_2_17_x86_64.whl", hash = "sha256:22135da48a348785c5e2d5d2d9d6bec5ed44adacbaeb9db12d9493bf6c6bfa68", size = 4975801, upload-time = "2026-05-14T12:03:38.833Z" },
    { url = "https://files.pythonhosted.org/packages/c8/26/2cee03d0aa083ab022da5c07aff9ed3f689da1defb81ad6917c9627896da/fonttools-4.63.0-cp313-cp313-musllinux_1_2_aarch64.whl", hash = "sha256:ccf41f2efdf56994d22d73bef4ced1052161958169428d06ba9724ea9e9a64be", size = 4965009, upload-time = "2026-05-14T12:03:41.494Z" },
    { url = "https://files.pythonhosted.org/packages/7e/48/cc4b66d9058c0d0982c833fad10127c4b0e9324606aafa41382295ca4102/fonttools-4.63.0-cp313-cp313-musllinux_1_2_x86_64.whl", hash = "sha256:9ced0bd02ac751dd6319b0da88aaef24414e3b0dbc32bb4f24944821a3741a27", size = 5105892, upload-time = "2026-05-14T12:03:43.525Z" },
    { url = "https://files.pythonhosted.org/packages/d8/1f/a98a30a814b9ddef3a2e706025f90b9e0bc94890e6cb15254bc86547d11a/fonttools-4.63.0-cp313-cp313-win32.whl", hash = "sha256:85be818f5506e8a7753153def2c9550178f0ecae6a47b5e0e8dbb23f7cc90380", size = 2291313, upload-time = "2026-05-14T12:03:45.594Z" },
    { url = "https://files.pythonhosted.org/packages/92/46/5177b01f3b4abfdd4409f31cca4ab279c9343a26efbe9ec78c97fc612e02/fonttools-4.63.0-cp313-cp313-win_amd64.whl", hash = "sha256:ba04cb5891d4c0c21b6da95eda8d7b090021508a294fff33464fc7d241e0856b", size = 2342299, upload-time = "2026-05-14T12:03:47.414Z" },
    { url = "https://files.pythonhosted.org/packages/27/d2/23d25e3f247b328be58d04a4c9f894178a0d1eda7d42867cfb388adaf416/fonttools-4.63.0-cp314-cp314-macosx_10_15_universal2.whl", hash = "sha256:fd1e3094f42d806d3d7c79162fc59e5910fcbe3a7360c385b8da969bc4493745", size = 2875338, upload-time = "2026-05-14T12:03:50.052Z" },
    { url = "https://files.pythonhosted.org/packages/cd/58/7dfa0c761cb3b2964e2a84c4dc986c926a87de0cb9fb60d5b28ded3f2914/fonttools-4.63.0-cp314-cp314-macosx_10_15_x86_64.whl", hash = "sha256:6e528da43bc3791085f8cb6141b1d13e459226790240340fcbb4625649238b03", size = 2422661, upload-time = "2026-05-14T12:03:52.154Z" },
    { url = "https://files.pythonhosted.org/packages/dd/87/64cfa18a7a1621d17b7f4502b2b0ed8a135a90c3db51ea590ee99043e76b/fonttools-4.63.0-cp314-cp314-manylinux2014_aarch64.manylinux_2_17_aarch64.manylinux_2_28_aarch64.whl", hash = "sha256:6b2248c5decb223562f7902ff6325077a073f608ee8e33e88ad88db734eb9f49", size = 5010526, upload-time = "2026-05-14T12:03:54.647Z" },
    { url = "https://files.pythonhosted.org/packages/36/e1/a8933a72c45a87177fbde2696e0d0755c8c9062f8c077a961c6215fa27b1/fonttools-4.63.0-cp314-cp314-manylinux2014_x86_64.manylinux_2_17_x86_64.whl", hash = "sha256:308f957cdeaf8abe4e5f2f124902ef405448af92c90f80e302a3b771c2e6116b", size = 4923946, upload-time = "2026-05-14T12:03:56.984Z" },
    { url = "https://files.pythonhosted.org/packages/27/60/872e6e233b8c5e8b41413796ff18b7fe479661bd40147e071b450dfad7a1/fonttools-4.63.0-cp314-cp314-musllinux_1_2_aarch64.whl", hash = "sha256:bf00f21eb5fb721dbaf73d1e9da6d02a1af7768f2ebcf9798be98beab8ba90f6", size = 4962489, upload-time = "2026-05-14T12:03:59.443Z" },
    { url = "https://files.pythonhosted.org/packages/30/c4/83c24f2ec38b90cfda84bf4b1a1f49df80e84a1db4e7ac6e0d41bf23bc39/fonttools-4.63.0-cp314-cp314-musllinux_1_2_x86_64.whl", hash = "sha256:c1aaa4b9c75798400ac043ce04d74e7830376c85095a5a6ed7cba2f17a266bf4", size = 5071870, upload-time = "2026-05-14T12:04:02.122Z" },
    { url = "https://files.pythonhosted.org/packages/de/40/3ae22b60ff1d41ce0bd044b31238cdc72cef99f28b976f1e128ebd618c9b/fonttools-4.63.0-cp314-cp314-win32.whl", hash = "sha256:22693918177bd9ceabec4736d338045f357769416fc6b0b2508eefef75b08616", size = 2295026, upload-time = "2026-05-14T12:04:04.47Z" },
    { url = "https://files.pythonhosted.org/packages/c3/d4/98078064ccc76b45cb0f6c002452011e93c4bd26f6850344f0951cc1fe89/fonttools-4.63.0-cp314-cp314-win_amd64.whl", hash = "sha256:7d782fac32985914c351556f68ac0855391572bcd87de50e05970d3cd4c96fc5", size = 2347454, upload-time = "2026-05-14T12:04:06.752Z" },
    { url = "https://files.pythonhosted.org/packages/49/4e/652d1580c5f4e39f7d103b0c793e4773129ad633dce4addd0cf4dfebde02/fonttools-4.63.0-cp314-cp314t-macosx_10_15_universal2.whl", hash = "sha256:6db5140a60a5d731d21ec076745b40a310607731b0a565b50776393188649001", size = 2958152, upload-time = "2026-05-14T12:04:08.706Z" },
    { url = "https://files.pythonhosted.org/packages/0e/55/ad864c9a9b219f552eb46b32cd7906c466e5a578ba0c3abfcc0fe7413eb6/fonttools-4.63.0-cp314-cp314t-macosx_10_15_x86_64.whl", hash = "sha256:7d76edbff9014094dbf03bd2d074709dfa6ec7aba13d838c937a2b33d2d6a86e", size = 2460809, upload-time = "2026-05-14T12:04:10.783Z" },
    { url = "https://files.pythonhosted.org/packages/ea/2b/0aa8db70f18cf52e49b4ed5ecec68547f981160bf5ded3b5aed6faa0a6f9/fonttools-4.63.0-cp314-cp314t-manylinux2014_aarch64.manylinux_2_17_aarch64.manylinux_2_28_aarch64.whl", hash = "sha256:0eac00b9118c3c2f87d272e45341871c5b3066baa3c86897fa634a7c3fb59096", size = 5148649, upload-time = "2026-05-14T12:04:12.747Z" },
    { url = "https://files.pythonhosted.org/packages/7f/63/18e4369c25043096f1048e0c9915951adc4f842bd81c6b18155824d6fa99/fonttools-4.63.0-cp314-cp314t-manylinux2014_x86_64.manylinux_2_17_x86_64.whl", hash = "sha256:51394295f1a51de8b5f30bdb1e1b9a4231536c7064ef5c6e211eec19fa36036f", size = 4932147, upload-time = "2026-05-14T12:04:14.806Z" },
    { url = "https://files.pythonhosted.org/packages/a1/3f/67f3eac2ffd8a98446c5022f8ed3864eac878a5ff7af8df4c8286dba16cc/fonttools-4.63.0-cp314-cp314t-musllinux_1_2_aarch64.whl", hash = "sha256:9e12f105d2b6342c559c298afb674006bb2893afc7102dcf8a1b55b0486b4e40", size = 5027237, upload-time = "2026-05-14T12:04:17.675Z" },
    { url = "https://files.pythonhosted.org/packages/1a/ba/4e6214cb38a7b04779e97bb7636de9a5c7f20af7018d03dee0b64c08510a/fonttools-4.63.0-cp314-cp314t-musllinux_1_2_x86_64.whl", hash = "sha256:796f27556dbe094c4824f75ca85267e4df776c79036c8441469a4df37038c196", size = 5053933, upload-time = "2026-05-14T12:04:20.818Z" },
    { url = "https://files.pythonhosted.org/packages/34/3b/214dcc19ee31d3d38fb5ad2755c11ef0514e5dc300bbaf41c0b69f393799/fonttools-4.63.0-cp314-cp314t-win32.whl", hash = "sha256:948428a275741f0b64b113c955425a953314f4b9ab9997f73a72c83e68e569c8", size = 2359326, upload-time = "2026-05-14T12:04:24.22Z" },
    { url = "https://files.pythonhosted.org/packages/dd/1e/3ff1a9b523058c2eeb6a9d50f5574e2a738200d0d94107d5bc4105e8da3f/fonttools-4.63.0-cp314-cp314t-win_amd64.whl", hash = "sha256:6d4741eb179121cab9eea4cb2393d24492373a260d7945006358c08cfbf45419", size = 2425829, upload-time = "2026-05-14T12:04:26.829Z" },
    { url = "https://files.pythonhosted.org/packages/2c/47/c99d5268f354002ce80f8d029cd9d7d872969da1de8b93d32de4dc56d6f4/fonttools-4.63.0-py3-none-any.whl", hash = "sha256:445af2eab030a16b9171ea8bdda7ebf7d96bda2df88ee182a464252f6e05e20d", size = 1164562, upload-time = "2026-05-14T12:04:29.092Z" },
]

[[package]]
name = "iniconfig"
version = "2.3.0"
source = { registry = "https://pypi.org/simple" }
sdist = { url = "https://files.pythonhosted.org/packages/72/34/14ca021ce8e5dfedc35312d08ba8bf51fdd999c576889fc2c24cb97f4f10/iniconfig-2.3.0.tar.gz", hash = "sha256:c76315c77db068650d49c5b56314774a7804df16fee4402c1f19d6d15d8c4730", size = 20503, upload-time = "2025-10-18T21:55:43.219Z" }
wheels = [
    { url = "https://files.pythonhosted.org/packages/cb/b1/3846dd7f199d53cb17f49cba7e651e9ce294d8497c8c150530ed11865bb8/iniconfig-2.3.0-py3-none-any.whl", hash = "sha256:f631c04d2c48c52b84d0d0549c99ff3859c98df65b3101406327ecc7d53fbf12", size = 7484, upload-time = "2025-10-18T21:55:41.639Z" },
]

[[package]]
name = "nahpu-icon-generator"
version = "0.1.0"
source = { virtual = "." }
dependencies = [
    { name = "fonttools" },
    { name = "svgelements" },
    { name = "ufo2ft" },
    { name = "ufolib2" },
]

[package.dev-dependencies]
dev = [
    { name = "pytest" },
]

[package.metadata]
requires-dist = [
    { name = "fonttools", specifier = ">=4.63.0" },
    { name = "svgelements", specifier = ">=1.9.6" },
    { name = "ufo2ft", specifier = ">=3.7.3" },
    { name = "ufolib2", specifier = ">=0.18.1" },
]

[package.metadata.requires-dev]
dev = [{ name = "pytest", specifier = ">=9.0.3" }]

[[package]]
name = "packaging"
version = "26.2"
source = { registry = "https://pypi.org/simple" }
sdist = { url = "https://files.pythonhosted.org/packages/d7/f1/e7a6dd94a8d4a5626c03e4e99c87f241ba9e350cd9e6d75123f992427270/packaging-26.2.tar.gz", hash = "sha256:ff452ff5a3e828ce110190feff1178bb1f2ea2281fa2075aadb987c2fb221661", size = 228134, upload-time = "2026-04-24T20:15:23.917Z" }
wheels = [
    { url = "https://files.pythonhosted.org/packages/df/b2/87e62e8c3e2f4b32e5fe99e0b86d576da1312593b39f47d8ceef365e95ed/packaging-26.2-py3-none-any.whl", hash = "sha256:5fc45236b9446107ff2415ce77c807cee2862cb6fac22b8a73826d0693b0980e", size = 100195, upload-time = "2026-04-24T20:15:22.081Z" },
]

[[package]]
name = "pluggy"
version = "1.6.0"
source = { registry = "https://pypi.org/simple" }
sdist = { url = "https://files.pythonhosted.org/packages/f9/e2/3e91f31a7d2b083fe6ef3fa267035b518369d9511ffab804f839851d2779/pluggy-1.6.0.tar.gz", hash = "sha256:7dcc130b76258d33b90f61b658791dede3486c3e6bfb003ee5c9bfb396dd22f3", size = 69412, upload-time = "2025-05-15T12:30:07.975Z" }
wheels = [
    { url = "https://files.pythonhosted.org/packages/54/20/4d324d65cc6d9205fabedc306948156824eb9f0ee1633355a8f7ec5c66bf/pluggy-1.6.0-py3-none-any.whl", hash = "sha256:e920276dd6813095e9377c0bc5566d94c932c33b27a3e3945d8389c374dd4746", size = 20538, upload-time = "2025-05-15T12:30:06.134Z" },
]

[[package]]
name = "pyclipper"
version = "1.4.0"
source = { registry = "https://pypi.org/simple" }
sdist = { url = "https://files.pythonhosted.org/packages/f6/21/3c06205bb407e1f79b73b7b4dfb3950bd9537c4f625a68ab5cc41177f5bc/pyclipper-1.4.0.tar.gz", hash = "sha256:9882bd889f27da78add4dd6f881d25697efc740bf840274e749988d25496c8e1", size = 54489, upload-time = "2025-12-01T13:15:35.015Z" }
wheels = [
    { url = "https://files.pythonhosted.org/packages/90/1b/7a07b68e0842324d46c03e512d8eefa9cb92ba2a792b3b4ebf939dafcac3/pyclipper-1.4.0-cp312-cp312-macosx_10_13_universal2.whl", hash = "sha256:222ac96c8b8281b53d695b9c4fedc674f56d6d4320ad23f1bdbd168f4e316140", size = 265676, upload-time = "2025-12-01T13:15:04.15Z" },
    { url = "https://files.pythonhosted.org/packages/6b/dd/8bd622521c05d04963420ae6664093f154343ed044c53ea260a310c8bb4d/pyclipper-1.4.0-cp312-cp312-macosx_10_13_x86_64.whl", hash = "sha256:f3672dbafbb458f1b96e1ee3e610d174acb5ace5bd2ed5d1252603bb797f2fc6", size = 140458, upload-time = "2025-12-01T13:15:05.76Z" },
    { url = "https://files.pythonhosted.org/packages/7a/06/6e3e241882bf7d6ab23d9c69ba4e85f1ec47397cbbeee948a16cf75e21ed/pyclipper-1.4.0-cp312-cp312-manylinux2014_x86_64.manylinux_2_17_x86_64.whl", hash = "sha256:d1f807e2b4760a8e5c6d6b4e8c1d71ef52b7fe1946ff088f4fa41e16a881a5ca", size = 978235, upload-time = "2025-12-01T13:15:06.993Z" },
    { url = "https://files.pythonhosted.org/packages/cf/f4/3418c1cd5eea640a9fa2501d4bc0b3655fa8d40145d1a4f484b987990a75/pyclipper-1.4.0-cp312-cp312-manylinux_2_24_aarch64.manylinux_2_28_aarch64.whl", hash = "sha256:ce1f83c9a4e10ea3de1959f0ae79e9a5bd41346dff648fee6228ba9eaf8b3872", size = 961388, upload-time = "2025-12-01T13:15:08.467Z" },
    { url = "https://files.pythonhosted.org/packages/ac/94/c85401d24be634af529c962dd5d781f3cb62a67cd769534df2cb3feee97a/pyclipper-1.4.0-cp312-cp312-win32.whl", hash = "sha256:3ef44b64666ebf1cb521a08a60c3e639d21b8c50bfbe846ba7c52a0415e936f4", size = 95169, upload-time = "2025-12-01T13:15:10.098Z" },
    { url = "https://files.pythonhosted.org/packages/97/77/dfea08e3b230b82ee22543c30c35d33d42f846a77f96caf7c504dd54fab1/pyclipper-1.4.0-cp312-cp312-win_amd64.whl", hash = "sha256:d1e5498d883b706a4ce636247f0d830c6eb34a25b843a1b78e2c969754ca9037", size = 104619, upload-time = "2025-12-01T13:15:11.592Z" },
    { url = "https://files.pythonhosted.org/packages/67/d0/cbce7d47de1e6458f66a4d999b091640134deb8f2c7351eab993b70d2e10/pyclipper-1.4.0-cp313-cp313-macosx_10_13_universal2.whl", hash = "sha256:d49df13cbb2627ccb13a1046f3ea6ebf7177b5504ec61bdef87d6a704046fd6e", size = 264342, upload-time = "2025-12-01T13:15:12.697Z" },
    { url = "https://files.pythonhosted.org/packages/ce/cc/742b9d69d96c58ac156947e1b56d0f81cbacbccf869e2ac7229f2f86dc4e/pyclipper-1.4.0-cp313-cp313-macosx_10_13_x86_64.whl", hash = "sha256:37bfec361e174110cdddffd5ecd070a8064015c99383d95eb692c253951eee8a", size = 139839, upload-time = "2025-12-01T13:15:13.911Z" },
    { url = "https://files.pythonhosted.org/packages/db/48/dd301d62c1529efdd721b47b9e5fb52120fcdac5f4d3405cfc0d2f391414/pyclipper-1.4.0-cp313-cp313-manylinux2014_x86_64.manylinux_2_17_x86_64.whl", hash = "sha256:14c8bdb5a72004b721c4e6f448d2c2262d74a7f0c9e3076aeff41e564a92389f", size = 972142, upload-time = "2025-12-01T13:15:15.477Z" },
    { url = "https://files.pythonhosted.org/packages/07/bf/d493fd1b33bb090fa64e28c1009374d5d72fa705f9331cd56517c35e381e/pyclipper-1.4.0-cp313-cp313-manylinux_2_24_aarch64.manylinux_2_28_aarch64.whl", hash = "sha256:f2a50c22c3a78cb4e48347ecf06930f61ce98cf9252f2e292aa025471e9d75b1", size = 952789, upload-time = "2025-12-01T13:15:17.042Z" },
    { url = "https://files.pythonhosted.org/packages/cf/88/b95ea8ea21ddca34aa14b123226a81526dd2faaa993f9aabd3ed21231604/pyclipper-1.4.0-cp313-cp313-win32.whl", hash = "sha256:c9a3faa416ff536cee93417a72bfb690d9dea136dc39a39dbbe1e5dadf108c9c", size = 94817, upload-time = "2025-12-01T13:15:18.724Z" },
    { url = "https://files.pythonhosted.org/packages/ba/42/0a1920d276a0e1ca21dc0d13ee9e3ba10a9a8aa3abac76cd5e5a9f503306/pyclipper-1.4.0-cp313-cp313-win_amd64.whl", hash = "sha256:d4b2d7c41086f1927d14947c563dfc7beed2f6c0d9af13c42fe3dcdc20d35832", size = 104007, upload-time = "2025-12-01T13:15:19.763Z" },
    { url = "https://files.pythonhosted.org/packages/1a/20/04d58c70f3ccd404f179f8dd81d16722a05a3bf1ab61445ee64e8218c1f8/pyclipper-1.4.0-cp314-cp314-macosx_10_15_universal2.whl", hash = "sha256:7c87480fc91a5af4c1ba310bdb7de2f089a3eeef5fe351a3cedc37da1fcced1c", size = 265167, upload-time = "2025-12-01T13:15:20.844Z" },
    { url = "https://files.pythonhosted.org/packages/bd/2e/a570c1abe69b7260ca0caab4236ce6ea3661193ebf8d1bd7f78ccce537a5/pyclipper-1.4.0-cp314-cp314-macosx_10_15_x86_64.whl", hash = "sha256:81d8bb2d1fb9d66dc7ea4373b176bb4b02443a7e328b3b603a73faec088b952e", size = 139966, upload-time = "2025-12-01T13:15:22.036Z" },
    { url = "https://files.pythonhosted.org/packages/e8/3b/e0859e54adabdde8a24a29d3f525ebb31c71ddf2e8d93edce83a3c212ffc/pyclipper-1.4.0-cp314-cp314-manylinux2014_x86_64.manylinux_2_17_x86_64.whl", hash = "sha256:773c0e06b683214dcfc6711be230c83b03cddebe8a57eae053d4603dd63582f9", size = 968216, upload-time = "2025-12-01T13:15:23.18Z" },
    { url = "https://files.pythonhosted.org/packages/f6/6b/e3c4febf0a35ae643ee579b09988dd931602b5bf311020535fd9e5b7e715/pyclipper-1.4.0-cp314-cp314-manylinux_2_24_aarch64.manylinux_2_28_aarch64.whl", hash = "sha256:9bc45f2463d997848450dbed91c950ca37c6cf27f84a49a5cad4affc0b469e39", size = 954198, upload-time = "2025-12-01T13:15:24.522Z" },
    { url = "https://files.pythonhosted.org/packages/fc/74/728efcee02e12acb486ce9d56fa037120c9bf5b77c54bbdbaa441c14a9d9/pyclipper-1.4.0-cp314-cp314-win32.whl", hash = "sha256:0b8c2105b3b3c44dbe1a266f64309407fe30bf372cf39a94dc8aaa97df00da5b", size = 96951, upload-time = "2025-12-01T13:15:25.79Z" },
    { url = "https://files.pythonhosted.org/packages/e3/d7/7f4354e69f10a917e5c7d5d72a499ef2e10945312f5e72c414a0a08d2ae4/pyclipper-1.4.0-cp314-cp314-win_amd64.whl", hash = "sha256:6c317e182590c88ec0194149995e3d71a979cfef3b246383f4e035f9d4a11826", size = 106782, upload-time = "2025-12-01T13:15:26.945Z" },
    { url = "https://files.pythonhosted.org/packages/63/60/fc32c7a3d7f61a970511ec2857ecd09693d8ac80d560ee7b8e67a6d268c9/pyclipper-1.4.0-cp314-cp314t-macosx_10_15_universal2.whl", hash = "sha256:f160a2c6ba036f7eaf09f1f10f4fbfa734234af9112fb5187877efed78df9303", size = 269880, upload-time = "2025-12-01T13:15:28.117Z" },
    { url = "https://files.pythonhosted.org/packages/49/df/c4a72d3f62f0ba03ec440c4fff56cd2d674a4334d23c5064cbf41c9583f6/pyclipper-1.4.0-cp314-cp314t-macosx_10_15_x86_64.whl", hash = "sha256:a9f11ad133257c52c40d50de7a0ca3370a0cdd8e3d11eec0604ad3c34ba549e9", size = 141706, upload-time = "2025-12-01T13:15:30.134Z" },
    { url = "https://files.pythonhosted.org/packages/c5/0b/cf55df03e2175e1e2da9db585241401e0bc98f76bee3791bed39d0313449/pyclipper-1.4.0-cp314-cp314t-win32.whl", hash = "sha256:bbc827b77442c99deaeee26e0e7f172355ddb097a5e126aea206d447d3b26286", size = 105308, upload-time = "2025-12-01T13:15:31.225Z" },
    { url = "https://files.pythonhosted.org/packages/8f/dc/53df8b6931d47080b4fe4ee8450d42e660ee1c5c1556c7ab73359182b769/pyclipper-1.4.0-cp314-cp314t-win_amd64.whl", hash = "sha256:29dae3e0296dff8502eeb7639fcfee794b0eec8590ba3563aee28db269da6b04", size = 117608, upload-time = "2025-12-01T13:15:32.69Z" },
]

[[package]]
name = "pygments"
version = "2.20.0"
source = { registry = "https://pypi.org/simple" }
sdist = { url = "https://files.pythonhosted.org/packages/c3/b2/bc9c9196916376152d655522fdcebac55e66de6603a76a02bca1b6414f6c/pygments-2.20.0.tar.gz", hash = "sha256:6757cd03768053ff99f3039c1a36d6c0aa0b263438fcab17520b30a303a82b5f", size = 4955991, upload-time = "2026-03-29T13:29:33.898Z" }
wheels = [
    { url = "https://files.pythonhosted.org/packages/f4/7e/a72dd26f3b0f4f2bf1dd8923c85f7ceb43172af56d63c7383eb62b332364/pygments-2.20.0-py3-none-any.whl", hash = "sha256:81a9e26dd42fd28a23a2d169d86d7ac03b46e2f8b59ed4698fb4785f946d0176", size = 1231151, upload-time = "2026-03-29T13:29:30.038Z" },
]

[[package]]
name = "pytest"
version = "9.0.3"
source = { registry = "https://pypi.org/simple" }
dependencies = [
    { name = "colorama", marker = "sys_platform == 'win32'" },
    { name = "iniconfig" },
    { name = "packaging" },
    { name = "pluggy" },
    { name = "pygments" },
]
sdist = { url = "https://files.pythonhosted.org/packages/7d/0d/549bd94f1a0a402dc8cf64563a117c0f3765662e2e668477624baeec44d5/pytest-9.0.3.tar.gz", hash = "sha256:b86ada508af81d19edeb213c681b1d48246c1a91d304c6c81a427674c17eb91c", size = 1572165, upload-time = "2026-04-07T17:16:18.027Z" }
wheels = [
    { url = "https://files.pythonhosted.org/packages/d4/24/a372aaf5c9b7208e7112038812994107bc65a84cd00e0354a88c2c77a617/pytest-9.0.3-py3-none-any.whl", hash = "sha256:2c5efc453d45394fdd706ade797c0a81091eccd1d6e4bccfcd476e2b8e0ab5d9", size = 375249, upload-time = "2026-04-07T17:16:16.13Z" },
]

[[package]]
name = "svgelements"
version = "1.9.6"
source = { registry = "https://pypi.org/simple" }
sdist = { url = "https://files.pythonhosted.org/packages/5d/29/1c93c94a2289675ba2ff898612f9c9a03f46d69f253bdf4da0dfc08a599d/svgelements-1.9.6.tar.gz", hash = "sha256:7c02ad6404cd3d1771fd50e40fbfc0550b0893933466f86a6eb815f3ba3f37f7", size = 162145, upload-time = "2023-08-17T02:01:51.822Z" }
wheels = [
    { url = "https://files.pythonhosted.org/packages/48/2c/6c9bb53db56c8a12a736d2158a8b842a5993b96daabc29d90a098e840280/svgelements-1.9.6-py2.py3-none-any.whl", hash = "sha256:8a5cf2cc066d98e713d5b875b1d6e5eeb9b92e855e835ebd7caab2713ae1dcad", size = 137856, upload-time = "2023-08-17T02:01:48.76Z" },
]

[[package]]
name = "ufo2ft"
version = "3.7.3"
source = { registry = "https://pypi.org/simple" }
dependencies = [
    { name = "booleanoperations" },
    { name = "cffsubr" },
    { name = "fontmath" },
    { name = "fonttools" },
]
sdist = { url = "https://files.pythonhosted.org/packages/d4/f7/6eb53bab5f77d9ecd20fa6d08a766f0651164c762f3e35feb6d314380301/ufo2ft-3.7.3.tar.gz", hash = "sha256:4a6194733a2e7de4b693979151da4be4880292efa0e5212d566ecd59bb2eebc0", size = 445115, upload-time = "2026-05-18T15:44:23.575Z" }
wheels = [
    { url = "https://files.pythonhosted.org/packages/8b/ff/ffc3baa336b850c44d925659882f13189f927c1570cfd5bf5032df2c9d07/ufo2ft-3.7.3-py3-none-any.whl", hash = "sha256:72f0d2558a76feae7b3b536588ed04d76e8ed33c9d589d052ee2d10eebccd72b", size = 165067, upload-time = "2026-05-18T15:44:21.592Z" },
]

[[package]]
name = "ufolib2"
version = "0.18.1"
source = { registry = "https://pypi.org/simple" }
dependencies = [
    { name = "attrs" },
    { name = "fonttools" },
]
sdist = { url = "https://files.pythonhosted.org/packages/f7/32/4df1cf042ec48d0179d011067ba76051bb2f8462a5477bb33127f9391b41/ufolib2-0.18.1.tar.gz", hash = "sha256:7de0efcc361c573f2537ee7ceabdb3bc64b19b61304cfa25e828caa7db8ae1a4", size = 97870, upload-time = "2025-07-10T11:40:43.824Z" }
wheels = [
    { url = "https://files.pythonhosted.org/packages/99/e3/53c4bd16a3b8a57e2d8840a31bb8dfe2a94f2e5e09f21ca5557521394bbe/ufolib2-0.18.1-py3-none-any.whl", hash = "sha256:d9d46da19880c09a2e7a25facabe8f30e5847236af0b21721442313d1e037db3", size = 53034, upload-time = "2025-07-10T11:40:42.426Z" },
]
